<?xml version="1.0" encoding="utf-8"?>
<Project ToolsVersion="4.0" xmlns="http://schemas.microsoft.com/developer/msbuild/2003">
  <ItemGroup>
    <Filter Include="SceneManager">
      <UniqueIdentifier>{5b5b68c5-eda3-45c7-9273-59459dd30321}</UniqueIdentifier>
    </Filter>
    <Filter Include="Player">
      <UniqueIdentifier>{566316af-cbe9-4424-a286-89743e9bff5b}</UniqueIdentifier>
    </Filter>
    <Filter Include="UI">
      <UniqueIdentifier>{1f28b0c2-503a-4ef6-b014-f353e46f0e41}</UniqueIdentifier>
    </Filter>
    <Filter Include="Function">
      <UniqueIdentifier>{87eb6494-584e-4504-a5ba-77dc50b29314}</UniqueIdentifier>
    </Filter>
    <Filter Include="Animation">
      <UniqueIdentifier>{c0e8fc65-0820-47f2-b934-d3375fecce95}</UniqueIdentifier>
    </Filter>
    <Filter Include="Item">
      <UniqueIdentifier>{d85723e0-118c-4eb4-b856-7c9cf9425c00}</UniqueIdentifier>
    </Filter>
    <Filter Include="Object">
      <UniqueIdentifier>{5b01f0df-eab4-4d82-b50f-375bea3d6355}</UniqueIdentifier>
    </Filter>
    <Filter Include="Effect">
      <UniqueIdentifier>{85b55436-9657-46cf-9e2f-37a60d9227c5}</UniqueIdentifier>
    </Filter>
    <Filter Include="Enemy">
      <UniqueIdentifier>{5993ed89-a504-41c3-89cc-9fd7304abe29}</UniqueIdentifier>
    </Filter>
    <Filter Include="KamataEngine">
      <UniqueIdentifier>{4FC737F1-C7A5-4376-A066-2A32D752A2FF}</UniqueIdentifier>
      <Extensions>cpp;c;cc;cxx;c++;cppm;ixx;def;odl;idl;hpj;bat;asm;asmx</Extensions>
    </Filter>
    <Filter Include="KamataEngine\Source">
      <UniqueIdentifier>{d966e9f8-e880-44ae-8586-a08515e4cffc}</UniqueIdentifier>
    </Filter>
    <Filter Include="KamataEngine\Include">
      <UniqueIdentifier>{4aae4e40-94f7-4d32-9a91-c0c37a2edf0d}</UniqueIdentifier>
    </Filter>
    <Filter Include="KamataEngine\Adapter">
      <UniqueIdentifier>{c6468eb4-788b-4a83-b207-a5f4804e56c5}</UniqueIdentifier>
    </Filter>
    <Filter Include="Back">
      <UniqueIdentifier>{9039e1d5-74ef-4f73-83a5-17a1487848c3}</UniqueIdentifier>
    </Filter>
  </ItemGroup>
  <ItemGroup>
    <ClCompile Include="C:\KamataEngine\DirectXGame\base\DirectXCommon.cpp">
      <Filter>KamataEngine\Source</Filter>
    </ClCompile>
    <ClCompile Include="C:\KamataEngine\DirectXGame\base\TextureManager.cpp">
      <Filter>KamataEngine\Source</Filter>
    </ClCompile>
    <ClCompile Include="C:\KamataEngine\DirectXGame\scene\GameScene.cpp">
      <Filter>KamataEngine\Source</Filter>
    </ClCompile>
    <ClCompile Include="C:\KamataEngine\DirectXGame\base\WinApp.cpp">
      <Filter>KamataEngine\Source</Filter>
    </ClCompile>
    <ClCompile Include="main.cpp" />
    <ClCompile Include="C:\KamataEngine\Adapter\Novice.cpp">
      <Filter>KamataEngine\Adapter</Filter>
    </ClCompile>
    <ClCompile Include="C:\KamataEngine\DirectXGame\base\StringUtility.cpp">
      <Filter>KamataEngine\Source</Filter>
    </ClCompile>
    <ClCompile Include="SceneManager\GameCScene.cpp">
      <Filter>SceneManager</Filter>
    </ClCompile>
    <ClCompile Include="SceneManager\GameOScene.cpp">
      <Filter>SceneManager</Filter>
    </ClCompile>
    <ClCompile Include="SceneManager\GamePScene.cpp">
      <Filter>SceneManager</Filter>
    </ClCompile>
    <ClCompile Include="SceneManager\SceneManager.cpp">
      <Filter>SceneManager</Filter>
    </ClCompile>
    <ClCompile Include="SceneManager\TitleScene.cpp">
      <Filter>SceneManager</Filter>
    </ClCompile>
    <ClCompile Include="Player\Player.cpp">
      <Filter>Player</Filter>
    </ClCompile>
    <ClCompile Include="Player\PlayerMAttack.cpp">
      <Filter>Player</Filter>
    </ClCompile>
    <ClCompile Include="Player\PlayerLAttack.cpp">
      <Filter>Player</Filter>
    </ClCompile>
    <ClCompile Include="UI\HpUI.cpp">
      <Filter>UI</Filter>
    </ClCompile>
    <ClCompile Include="Function\Easing.cpp">
      <Filter>Function</Filter>
    </ClCompile>
    <ClCompile Include="UI\SpUI.cpp">
      <Filter>UI</Filter>
    </ClCompile>
    <ClCompile Include="UI\TimerUI.cpp">
      <Filter>UI</Filter>
    </ClCompile>
    <ClCompile Include="Item\ItemBase.cpp">
      <Filter>Item</Filter>
    </ClCompile>
    <ClCompile Include="Item\SpRecoverItem.cpp">
      <Filter>Item</Filter>
    </ClCompile>
    <ClCompile Include="Item\PopItem.cpp">
      <Filter>Item</Filter>
    </ClCompile>
    <ClCompile Include="Object\Object.cpp">
      <Filter>Object</Filter>
    </ClCompile>
    <ClCompile Include="Animation\PlayerAttack2Anim.cpp">
      <Filter>Animation</Filter>
    </ClCompile>
    <ClCompile Include="Animation\Effect\LunaMental.cpp">
      <Filter>Effect</Filter>
    </ClCompile>
    <ClCompile Include="Animation\Animation.cpp">
      <Filter>Animation</Filter>
    </ClCompile>
    <ClCompile Include="Animation\PlayerAnimation.cpp">
      <Filter>Animation</Filter>
    </ClCompile>
    <ClCompile Include="Animation\PlayerAttackAnim.cpp">
      <Filter>Animation</Filter>
    </ClCompile>
    <ClCompile Include="Animation\PlayerAttackAnim1.cpp">
      <Filter>Animation</Filter>
    </ClCompile>
    <ClCompile Include="Animation\PlayerIdolAnim.cpp">
      <Filter>Animation</Filter>
    </ClCompile>
    <ClCompile Include="Animation\PlayerRunAnim.cpp">
      <Filter>Animation</Filter>
    </ClCompile>
    <ClCompile Include="Enemy\EnemyBase.cpp">
      <Filter>Enemy</Filter>
    </ClCompile>
    <ClCompile Include="Enemy\EnemyBullet.cpp">
      <Filter>Enemy</Filter>
    </ClCompile>
    <ClCompile Include="Enemy\NHEnemy.cpp">
      <Filter>Enemy</Filter>
    </ClCompile>
    <ClCompile Include="Enemy\PopEnemy.cpp">
      <Filter>Enemy</Filter>
    </ClCompile>
    <ClCompile Include="Function\Function.cpp">
      <Filter>Function</Filter>
    </ClCompile>
    <ClCompile Include="Enemy\NSEnemy.cpp">
      <Filter>Enemy</Filter>
    </ClCompile>
    <ClCompile Include="Back\BackGround.cpp">
      <Filter>Back</Filter>
    </ClCompile>
    <ClCompile Include="Animation\Enemy1Anim.cpp">
      <Filter>Animation</Filter>
    </ClCompile>
    <ClCompile Include="Player\PlayerJewel.cpp">
      <Filter>Player</Filter>
    </ClCompile>
    <ClCompile Include="C:\KamataEngine\DirectXGame\2d\ImGuiManager.cpp" />
    <ClCompile Include="DummyObject.cpp" />
  </ItemGroup>
  <ItemGroup>
    <ClInclude Include="C:\KamataEngine\DirectXGame\audio\Audio.h">
      <Filter>KamataEngine\Include</Filter>
    </ClInclude>
    <ClInclude Include="C:\KamataEngine\DirectXGame\2d\DebugText.h">
      <Filter>KamataEngine\Include</Filter>
    </ClInclude>
    <ClInclude Include="C:\KamataEngine\DirectXGame\base\DirectXCommon.h">
      <Filter>KamataEngine\Include</Filter>
    </ClInclude>
    <ClInclude Include="C:\KamataEngine\DirectXGame\scene\GameScene.h">
      <Filter>KamataEngine\Include</Filter>
    </ClInclude>
    <ClInclude Include="C:\KamataEngine\DirectXGame\input\Input.h">
      <Filter>KamataEngine\Include</Filter>
    </ClInclude>
    <ClInclude Include="C:\KamataEngine\DirectXGame\3d\Model.h">
      <Filter>KamataEngine\Include</Filter>
    </ClInclude>
    <ClInclude Include="C:\KamataEngine\DirectXGame\base\SafeDelete.h">
      <Filter>KamataEngine\Include</Filter>
    </ClInclude>
    <ClInclude Include="C:\KamataEngine\DirectXGame\2d\Sprite.h">
      <Filter>KamataEngine\Include</Filter>
    </ClInclude>
    <ClInclude Include="C:\KamataEngine\DirectXGame\base\TextureManager.h">
      <Filter>KamataEngine\Include</Filter>
    </ClInclude>
    <ClInclude Include="C:\KamataEngine\DirectXGame\3d\ViewProjection.h">
      <Filter>KamataEngine\Include</Filter>
    </ClInclude>
    <ClInclude Include="C:\KamataEngine\DirectXGame\base\WinApp.h">
      <Filter>KamataEngine\Include</Filter>
    </ClInclude>
    <ClInclude Include="C:\KamataEngine\DirectXGame\3d\WorldTransform.h">
      <Filter>KamataEngine\Include</Filter>
    </ClInclude>
    <ClInclude Include="C:\KamataEngine\Adapter\Novice.h">
      <Filter>KamataEngine\Adapter</Filter>
    </ClInclude>
    <ClInclude Include="C:\KamataEngine\DirectXGame\3d\CircleShadow.h">
      <Filter>KamataEngine\Include</Filter>
    </ClInclude>
    <ClInclude Include="C:\KamataEngine\DirectXGame\3d\DebugCamera.h">
      <Filter>KamataEngine\Include</Filter>
    </ClInclude>
    <ClInclude Include="C:\KamataEngine\DirectXGame\3d\DirectionalLight.h">
      <Filter>KamataEngine\Include</Filter>
    </ClInclude>
    <ClInclude Include="C:\KamataEngine\DirectXGame\3d\LightGroup.h">
      <Filter>KamataEngine\Include</Filter>
    </ClInclude>
    <ClInclude Include="C:\KamataEngine\DirectXGame\3d\Material.h">
      <Filter>KamataEngine\Include</Filter>
    </ClInclude>
    <ClInclude Include="C:\KamataEngine\DirectXGame\3d\Mesh.h">
      <Filter>KamataEngine\Include</Filter>
    </ClInclude>
    <ClInclude Include="C:\KamataEngine\DirectXGame\3d\PointLight.h">
      <Filter>KamataEngine\Include</Filter>
    </ClInclude>
    <ClInclude Include="C:\KamataEngine\DirectXGame\3d\SpotLight.h">
      <Filter>KamataEngine\Include</Filter>
    </ClInclude>
    <ClInclude Include="C:\KamataEngine\DirectXGame\math\Matrix4x4.h" />
    <ClInclude Include="C:\KamataEngine\DirectXGame\math\Vector2.h" />
    <ClInclude Include="C:\KamataEngine\DirectXGame\math\Vector3.h" />
    <ClInclude Include="C:\KamataEngine\DirectXGame\math\Vector4.h" />
    <ClInclude Include="C:\KamataEngine\DirectXGame\2d\ImGuiManager.h" />
    <ClInclude Include="C:\KamataEngine\DirectXGame\base\StringUtility.h">
      <Filter>KamataEngine\Include</Filter>
    </ClInclude>
    <ClInclude Include="SceneManager\GameCScene.h">
      <Filter>SceneManager</Filter>
    </ClInclude>
    <ClInclude Include="SceneManager\GameOScene.h">
      <Filter>SceneManager</Filter>
    </ClInclude>
    <ClInclude Include="SceneManager\GamePScene.h">
      <Filter>SceneManager</Filter>
    </ClInclude>
    <ClInclude Include="SceneManager\SceneManager.h">
      <Filter>SceneManager</Filter>
    </ClInclude>
    <ClInclude Include="SceneManager\TitleScene.h">
      <Filter>SceneManager</Filter>
    </ClInclude>
    <ClInclude Include="ScreenSize.h" />
    <ClInclude Include="Player\Player.h">
      <Filter>Player</Filter>
    </ClInclude>
    <ClInclude Include="Player\PlayerMAttack.h">
      <Filter>Player</Filter>
    </ClInclude>
    <ClInclude Include="CharaBase.h" />
    <ClInclude Include="Player\PlayerLAttack.h">
      <Filter>Player</Filter>
    </ClInclude>
    <ClInclude Include="UI\HpUI.h">
      <Filter>UI</Filter>
    </ClInclude>
    <ClInclude Include="Function\Easing.h">
      <Filter>Function</Filter>
    </ClInclude>
    <ClInclude Include="UI\SpUI.h">
      <Filter>UI</Filter>
    </ClInclude>
    <ClInclude Include="UI\TimerUI.h">
      <Filter>UI</Filter>
    </ClInclude>
    <ClInclude Include="Item\ItemBase.h">
      <Filter>Item</Filter>
    </ClInclude>
    <ClInclude Include="Item\SpRecoverItem.h">
      <Filter>Item</Filter>
    </ClInclude>
    <ClInclude Include="Item\PopItem.h">
      <Filter>Item</Filter>
    </ClInclude>
    <ClInclude Include="Animation\PlayerAttack2Anim.h">
      <Filter>Animation</Filter>
    </ClInclude>
    <ClInclude Include="Animation\Effect\LunaMental.h">
      <Filter>Effect</Filter>
    </ClInclude>
    <ClInclude Include="Animation\Animation.h">
      <Filter>Animation</Filter>
    </ClInclude>
    <ClInclude Include="Animation\AnimationStruct.h">
      <Filter>Animation</Filter>
    </ClInclude>
    <ClInclude Include="Animation\PlayerAnimation.h">
      <Filter>Animation</Filter>
    </ClInclude>
    <ClInclude Include="Animation\PlayerAttackAnim.h">
      <Filter>Animation</Filter>
    </ClInclude>
    <ClInclude Include="Animation\PlayerAttackAnim1.h">
      <Filter>Animation</Filter>
    </ClInclude>
    <ClInclude Include="Animation\PlayerIdolAnim.h">
      <Filter>Animation</Filter>
    </ClInclude>
    <ClInclude Include="Animation\PlayerRunAnim.h">
      <Filter>Animation</Filter>
    </ClInclude>
    <ClInclude Include="Enemy\EnemyBase.h">
      <Filter>Enemy</Filter>
    </ClInclude>
    <ClInclude Include="Enemy\EnemyBullet.h">
      <Filter>Enemy</Filter>
    </ClInclude>
    <ClInclude Include="Enemy\NHEnemy.h">
      <Filter>Enemy</Filter>
    </ClInclude>
    <ClInclude Include="Enemy\PopEnemy.h">
      <Filter>Enemy</Filter>
    </ClInclude>
    <ClInclude Include="Object\Object.h">
      <Filter>Object</Filter>
    </ClInclude>
    <ClInclude Include="Function\Function.h">
      <Filter>Function</Filter>
    </ClInclude>
    <ClInclude Include="Function\UtilityStruct.h">
      <Filter>Function</Filter>
    </ClInclude>
    <ClInclude Include="Enemy\NSEnemy.h">
      <Filter>Enemy</Filter>
    </ClInclude>
    <ClInclude Include="Back\BackGround.h">
      <Filter>Back</Filter>
    </ClInclude>
    <ClInclude Include="Animation\Enemy1Anim.h">
      <Filter>Animation</Filter>
    </ClInclude>
    <ClInclude Include="Player\PlayerJewel.h">
      <Filter>Player</Filter>
    </ClInclude>
    <ClInclude Include="ColorDefineEx.h" />
    <ClInclude Include="DummyObject.h" />
  </ItemGroup>
</Project>